
Microsoft Visual Studio Solution File, Format Version 12.00
# Visual Studio Version 16
VisualStudioVersion = 16.0.32106.194
MinimumVisualStudioVersion = 10.0.40219.1
Project("{FAE04EC0-301F-11D3-BF4B-00C04F79EFBC}") = "RePortal", "RePortal\RePortal.csproj", "{D7BABFD5-7DC3-4BF9-B1A4-C37CEB3F8460}"
EndProject
Project("{FAE04EC0-301F-11D3-BF4B-00C04F79EFBC}") = "BusinessLayer", "BusinessLayer\BusinessLayer.csproj", "{2FAB2E91-CE76-41D2-88DD-A4253D0EEBC1}"
EndProject
Project("{FAE04EC0-301F-11D3-BF4B-00C04F79EFBC}") = "DataAccessLayer", "DataAccessLayer\DataAccessLayer.csproj", "{59D99D41-D854-4C19-A596-2FC4893A56E1}"
EndProject
Global
	GlobalSection(SolutionConfigurationPlatforms) = preSolution
		Debug|Any CPU = Debug|Any CPU
		Release|Any CPU = Release|Any CPU
	EndGlobalSection
	GlobalSection(ProjectConfigurationPlatforms) = postSolution
		{D7BABFD5-7DC3-4BF9-B1A4-C37CEB3F8460}.Debug|Any CPU.ActiveCfg = Debug|Any CPU
		{D7BABFD5-7DC3-4BF9-B1A4-C37CEB3F8460}.Debug|Any CPU.Build.0 = Debug|Any CPU
		{D7BABFD5-7DC3-4BF9-B1A4-C37CEB3F8460}.Release|Any CPU.ActiveCfg = Release|Any CPU
		{D7BABFD5-7DC3-4BF9-B1A4-C37CEB3F8460}.Release|Any CPU.Build.0 = Release|Any CPU
		{2FAB2E91-CE76-41D2-88DD-A4253D0EEBC1}.Debug|Any CPU.ActiveCfg = Debug|Any CPU
		{2FAB2E91-CE76-41D2-88DD-A4253D0EEBC1}.Debug|Any CPU.Build.0 = Debug|Any CPU
		{2FAB2E91-CE76-41D2-88DD-A4253D0EEBC1}.Release|Any CPU.ActiveCfg = Release|Any CPU
		{2FAB2E91-CE76-41D2-88DD-A4253D0EEBC1}.Release|Any CPU.Build.0 = Release|Any CPU
		{59D99D41-D854-4C19-A596-2FC4893A56E1}.Debug|Any CPU.ActiveCfg = Debug|Any CPU
		{59D99D41-D854-4C19-A596-2FC4893A56E1}.Debug|Any CPU.Build.0 = Debug|Any CPU
		{59D99D41-D854-4C19-A596-2FC4893A56E1}.Release|Any CPU.ActiveCfg = Release|Any CPU
		{59D99D41-D854-4C19-A596-2FC4893A56E1}.Release|Any CPU.Build.0 = Release|Any CPU
	EndGlobalSection
	GlobalSection(SolutionProperties) = preSolution
		HideSolutionNode = FALSE
	EndGlobalSection
	GlobalSection(ExtensibilityGlobals) = postSolution
		SolutionGuid = {6CCF766A-D714-4363-A22E-0EAE1464AB75}
	EndGlobalSection
EndGlobal
